
Microsoft Visual Studio Solution File, Format Version 12.00
# Visual Studio Version 16
VisualStudioVersion = 16.0.30503.244
MinimumVisualStudioVersion = 10.0.40219.1
Project("{FAE04EC0-301F-11D3-BF4B-00C04F79EFBC}") = "HaberPortal.UI", "HaberPortal.UI\HaberPortal.UI.csproj", "{A5F7BCE9-F73D-40A6-962E-1CBE57B4B4D2}"
EndProject
Project("{FAE04EC0-301F-11D3-BF4B-00C04F79EFBC}") = "HaberPortal.Admin", "HaberPortal.Admin\HaberPortal.Admin.csproj", "{932B24C3-8DF9-4313-817D-8EA8D2C7A77B}"
EndProject
Project("{FAE04EC0-301F-11D3-BF4B-00C04F79EFBC}") = "HaberPortal.Data", "HaberPortal.Data\HaberPortal.Data.csproj", "{BF9A6E2E-84BE-483A-B429-4E168FAFA883}"
EndProject
Project("{FAE04EC0-301F-11D3-BF4B-00C04F79EFBC}") = "HaberPortal.Core", "HaberPortal.Core\HaberPortal.Core.csproj", "{2D9147E9-99DD-4964-AB88-334DED8D4723}"
EndProject
Project("{FAE04EC0-301F-11D3-BF4B-00C04F79EFBC}") = "HaberPortal.Service", "HaberPortal.Service\HaberPortal.Service.csproj", "{212BFF1B-860F-41F6-8B84-56762AD8A688}"
EndProject
Global
	GlobalSection(SolutionConfigurationPlatforms) = preSolution
		Debug|Any CPU = Debug|Any CPU
		Release|Any CPU = Release|Any CPU
	EndGlobalSection
	GlobalSection(ProjectConfigurationPlatforms) = postSolution
		{A5F7BCE9-F73D-40A6-962E-1CBE57B4B4D2}.Debug|Any CPU.ActiveCfg = Debug|Any CPU
		{A5F7BCE9-F73D-40A6-962E-1CBE57B4B4D2}.Debug|Any CPU.Build.0 = Debug|Any CPU
		{A5F7BCE9-F73D-40A6-962E-1CBE57B4B4D2}.Release|Any CPU.ActiveCfg = Release|Any CPU
		{A5F7BCE9-F73D-40A6-962E-1CBE57B4B4D2}.Release|Any CPU.Build.0 = Release|Any CPU
		{932B24C3-8DF9-4313-817D-8EA8D2C7A77B}.Debug|Any CPU.ActiveCfg = Debug|Any CPU
		{932B24C3-8DF9-4313-817D-8EA8D2C7A77B}.Debug|Any CPU.Build.0 = Debug|Any CPU
		{932B24C3-8DF9-4313-817D-8EA8D2C7A77B}.Release|Any CPU.ActiveCfg = Release|Any CPU
		{932B24C3-8DF9-4313-817D-8EA8D2C7A77B}.Release|Any CPU.Build.0 = Release|Any CPU
		{BF9A6E2E-84BE-483A-B429-4E168FAFA883}.Debug|Any CPU.ActiveCfg = Debug|Any CPU
		{BF9A6E2E-84BE-483A-B429-4E168FAFA883}.Debug|Any CPU.Build.0 = Debug|Any CPU
		{BF9A6E2E-84BE-483A-B429-4E168FAFA883}.Release|Any CPU.ActiveCfg = Release|Any CPU
		{BF9A6E2E-84BE-483A-B429-4E168FAFA883}.Release|Any CPU.Build.0 = Release|Any CPU
		{2D9147E9-99DD-4964-AB88-334DED8D4723}.Debug|Any CPU.ActiveCfg = Debug|Any CPU
		{2D9147E9-99DD-4964-AB88-334DED8D4723}.Debug|Any CPU.Build.0 = Debug|Any CPU
		{2D9147E9-99DD-4964-AB88-334DED8D4723}.Release|Any CPU.ActiveCfg = Release|Any CPU
		{2D9147E9-99DD-4964-AB88-334DED8D4723}.Release|Any CPU.Build.0 = Release|Any CPU
		{212BFF1B-860F-41F6-8B84-56762AD8A688}.Debug|Any CPU.ActiveCfg = Debug|Any CPU
		{212BFF1B-860F-41F6-8B84-56762AD8A688}.Debug|Any CPU.Build.0 = Debug|Any CPU
		{212BFF1B-860F-41F6-8B84-56762AD8A688}.Release|Any CPU.ActiveCfg = Release|Any CPU
		{212BFF1B-860F-41F6-8B84-56762AD8A688}.Release|Any CPU.Build.0 = Release|Any CPU
	EndGlobalSection
	GlobalSection(SolutionProperties) = preSolution
		HideSolutionNode = FALSE
	EndGlobalSection
	GlobalSection(ExtensibilityGlobals) = postSolution
		SolutionGuid = {868896BB-ABB2-4837-88C6-4CD584D38466}
	EndGlobalSection
EndGlobal
